
Microsoft Visual Studio Solution File, Format Version 12.00
# Visual Studio Version 16
VisualStudioVersion = 16.0.32602.291
MinimumVisualStudioVersion = 10.0.40219.1
Project("{FAE04EC0-301F-11D3-BF4B-00C04F79EFBC}") = "Depo_uygulamasi", "Depo_uygulamasi.csproj", "{D01A0852-923D-4733-82C8-F1AEBA2847BE}"
EndProject
Global
	GlobalSection(SolutionConfigurationPlatforms) = preSolution
		Debug|Any CPU = Debug|Any CPU
		Release|Any CPU = Release|Any CPU
	EndGlobalSection
	GlobalSection(ProjectConfigurationPlatforms) = postSolution
		{D01A0852-923D-4733-82C8-F1AEBA2847BE}.Debug|Any CPU.ActiveCfg = Debug|Any CPU
		{D01A0852-923D-4733-82C8-F1AEBA2847BE}.Debug|Any CPU.Build.0 = Debug|Any CPU
		{D01A0852-923D-4733-82C8-F1AEBA2847BE}.Release|Any CPU.ActiveCfg = Release|Any CPU
		{D01A0852-923D-4733-82C8-F1AEBA2847BE}.Release|Any CPU.Build.0 = Release|Any CPU
	EndGlobalSection
	GlobalSection(SolutionProperties) = preSolution
		HideSolutionNode = FALSE
	EndGlobalSection
	GlobalSection(ExtensibilityGlobals) = postSolution
		SolutionGuid = {28BC761A-A411-40C4-B6DA-83052A9D5EF7}
	EndGlobalSection
EndGlobal
